// !$*UTF8*$!
{
	archiveVersion = 1;
	classes = {
	};
	objectVersion = 56;
	objects = {

/* Begin PBXBuildFile section */
		364F9B0F29DE01DB00999B5D /* LottieAnimationDemoApp.swift in Sources */ = {isa = PBXBuildFile; fileRef = 364F9B0E29DE01DB00999B5D /* LottieAnimationDemoApp.swift */; };
		364F9B1129DE01DB00999B5D /* ContentView.swift in Sources */ = {isa = PBXBuildFile; fileRef = 364F9B1029DE01DB00999B5D /* ContentView.swift */; };
		364F9B1329DE01DC00999B5D /* Assets.xcassets in Resources */ = {isa = PBXBuildFile; fileRef = 364F9B1229DE01DC00999B5D /* Assets.xcassets */; };
		364F9B1629DE01DC00999B5D /* Preview Assets.xcassets in Resources */ = {isa = PBXBuildFile; fileRef = 364F9B1529DE01DC00999B5D /* Preview Assets.xcassets */; };
		364F9B1D29DE026900999B5D /* LottieView.swift in Sources */ = {isa = PBXBuildFile; fileRef = 364F9B1C29DE026900999B5D /* LottieView.swift */; };
		364F9B1F29DE02DA00999B5D /* apple.json in Resources */ = {isa = PBXBuildFile; fileRef = 364F9B1E29DE02D900999B5D /* apple.json */; };
		596A60E649D22E46C1C7C6EF /* Pods_LottieAnimationDemo.framework in Frameworks */ = {isa = PBXBuildFile; fileRef = 5D2F64C96FCC93B09324F270 /* Pods_LottieAnimationDemo.framework */; };
/* End PBXBuildFile section */

/* Begin PBXFileReference section */
		096D56A4FE947DC510C78ACB /* Pods-LottieAnimationDemo.release.xcconfig */ = {isa = PBXFileReference; includeInIndex = 1; lastKnownFileType = text.xcconfig; name = "Pods-LottieAnimationDemo.release.xcconfig"; path = "Target Support Files/Pods-LottieAnimationDemo/Pods-LottieAnimationDemo.release.xcconfig"; sourceTree = "<group>"; };
		2FA8C928878BA7D212308D30 /* Pods-LottieAnimationDemo.debug.xcconfig */ = {isa = PBXFileReference; includeInIndex = 1; lastKnownFileType = text.xcconfig; name = "Pods-LottieAnimationDemo.debug.xcconfig"; path = "Target Support Files/Pods-LottieAnimationDemo/Pods-LottieAnimationDemo.debug.xcconfig"; sourceTree = "<group>"; };
		364F9B0B29DE01DB00999B5D /* LottieAnimationDemo.app */ = {isa = PBXFileReference; explicitFileType = wrapper.application; includeInIndex = 0; path = LottieAnimationDemo.app; sourceTree = BUILT_PRODUCTS_DIR; };
		364F9B0E29DE01DB00999B5D /* LottieAnimationDemoApp.swift */ = {isa = PBXFileReference; lastKnownFileType = sourcecode.swift; path = LottieAnimationDemoApp.swift; sourceTree = "<group>"; };
		364F9B1029DE01DB00999B5D /* ContentView.swift */ = {isa = PBXFileReference; lastKnownFileType = sourcecode.swift; path = ContentView.swift; sourceTree = "<group>"; };
		364F9B1229DE01DC00999B5D /* Assets.xcassets */ = {isa = PBXFileReference; lastKnownFileType = folder.assetcatalog; path = Assets.xcassets; sourceTree = "<group>"; };
		364F9B1529DE01DC00999B5D /* Preview Assets.xcassets */ = {isa = PBXFileReference; lastKnownFileType = folder.assetcatalog; path = "Preview Assets.xcassets"; sourceTree = "<group>"; };
		364F9B1C29DE026900999B5D /* LottieView.swift */ = {isa = PBXFileReference; fileEncoding = 4; lastKnownFileType = sourcecode.swift; path = LottieView.swift; sourceTree = "<group>"; };
		364F9B1E29DE02D900999B5D /* apple.json */ = {isa = PBXFileReference; fileEncoding = 4; lastKnownFileType = text.json; path = apple.json; sourceTree = "<group>"; };
		5D2F64C96FCC93B09324F270 /* Pods_LottieAnimationDemo.framework */ = {isa = PBXFileReference; explicitFileType = wrapper.framework; includeInIndex = 0; path = Pods_LottieAnimationDemo.framework; sourceTree = BUILT_PRODUCTS_DIR; };
/* End PBXFileReference section */

/* Begin PBXFrameworksBuildPhase section */
		364F9B0829DE01DB00999B5D /* Frameworks */ = {
			isa = PBXFrameworksBuildPhase;
			buildActionMask = 2147483647;
			files = (
				596A60E649D22E46C1C7C6EF /* Pods_LottieAnimationDemo.framework in Frameworks */,
			);
			runOnlyForDeploymentPostprocessing = 0;
		};
/* End PBXFrameworksBuildPhase section */

/* Begin PBXGroup section */
		364F9B0229DE01DB00999B5D = {
			isa = PBXGroup;
			children = (
				364F9B0D29DE01DB00999B5D /* LottieAnimationDemo */,
				364F9B0C29DE01DB00999B5D /* Products */,
				EA7A679EB487C12EA4CCCA79 /* Pods */,
				5D020151BAF3DB748DFDCD36 /* Frameworks */,
			);
			sourceTree = "<group>";
		};
		364F9B0C29DE01DB00999B5D /* Products */ = {
			isa = PBXGroup;
			children = (
				364F9B0B29DE01DB00999B5D /* LottieAnimationDemo.app */,
			);
			name = Products;
			sourceTree = "<group>";
		};
		364F9B0D29DE01DB00999B5D /* LottieAnimationDemo */ = {
			isa = PBXGroup;
			children = (
				364F9B0E29DE01DB00999B5D /* LottieAnimationDemoApp.swift */,
				364F9B1C29DE026900999B5D /* LottieView.swift */,
				364F9B1029DE01DB00999B5D /* ContentView.swift */,
				364F9B1E29DE02D900999B5D /* apple.json */,
				364F9B1229DE01DC00999B5D /* Assets.xcassets */,
				364F9B1429DE01DC00999B5D /* Preview Content */,
			);
			path = LottieAnimationDemo;
			sourceTree = "<group>";
		};
		364F9B1429DE01DC00999B5D /* Preview Content */ = {
			isa = PBXGroup;
			children = (
				364F9B1529DE01DC00999B5D /* Preview Assets.xcassets */,
			);
			path = "Preview Content";
			sourceTree = "<group>";
		};
		5D020151BAF3DB748DFDCD36 /* Frameworks */ = {
			isa = PBXGroup;
			children = (
				5D2F64C96FCC93B09324F270 /* Pods_LottieAnimationDemo.framework */,
			);
			name = Frameworks;
			sourceTree = "<group>";
		};
		EA7A679EB487C12EA4CCCA79 /* Pods */ = {
			isa = PBXGroup;
			children = (
				2FA8C928878BA7D212308D30 /* Pods-LottieAnimationDemo.debug.xcconfig */,
				096D56A4FE947DC510C78ACB /* Pods-LottieAnimationDemo.release.xcconfig */,
			);
			path = Pods;
			sourceTree = "<group>";
		};
/* End PBXGroup section */

/* Begin PBXNativeTarget section */
		364F9B0A29DE01DB00999B5D /* LottieAnimationDemo */ = {
			isa = PBXNativeTarget;
			buildConfigurationList = 364F9B1929DE01DC00999B5D /* Build configuration list for PBXNativeTarget "LottieAnimationDemo" */;
			buildPhases = (
				7B05AB90C67E2F0854093AF7 /* [CP] Check Pods Manifest.lock */,
				364F9B0729DE01DB00999B5D /* Sources */,
				364F9B0829DE01DB00999B5D /* Frameworks */,
				364F9B0929DE01DB00999B5D /* Resources */,
				C75E904D24BC7373FCC0836A /* [CP] Embed Pods Frameworks */,
			);
			buildRules = (
			);
			dependencies = (
			);
			name = LottieAnimationDemo;
			productName = LottieAnimationDemo;
			productReference = 364F9B0B29DE01DB00999B5D /* LottieAnimationDemo.app */;
			productType = "com.apple.product-type.application";
		};
/* End PBXNativeTarget section */

/* Begin PBXProject section */
		364F9B0329DE01DB00999B5D /* Project object */ = {
			isa = PBXProject;
			attributes = {
				BuildIndependentTargetsInParallel = 1;
				LastSwiftUpdateCheck = 1430;
				LastUpgradeCheck = 1430;
				TargetAttributes = {
					364F9B0A29DE01DB00999B5D = {
						CreatedOnToolsVersion = 14.3;
					};
				};
			};
			buildConfigurationList = 364F9B0629DE01DB00999B5D /* Build configuration list for PBXProject "LottieAnimationDemo" */;
			compatibilityVersion = "Xcode 14.0";
			developmentRegion = en;
			hasScannedForEncodings = 0;
			knownRegions = (
				en,
				Base,
			);
			mainGroup = 364F9B0229DE01DB00999B5D;
			productRefGroup = 364F9B0C29DE01DB00999B5D /* Products */;
			projectDirPath = "";
			projectRoot = "";
			targets = (
				364F9B0A29DE01DB00999B5D /* LottieAnimationDemo */,
			);
		};
/* End PBXProject section */

/* Begin PBXResourcesBuildPhase section */
		364F9B0929DE01DB00999B5D /* Resources */ = {
			isa = PBXResourcesBuildPhase;
			buildActionMask = 2147483647;
			files = (
				364F9B1F29DE02DA00999B5D /* apple.json in Resources */,
				364F9B1629DE01DC00999B5D /* Preview Assets.xcassets in Resources */,
				364F9B1329DE01DC00999B5D /* Assets.xcassets in Resources */,
			);
			runOnlyForDeploymentPostprocessing = 0;
		};
/* End PBXResourcesBuildPhase section */

/* Begin PBXShellScriptBuildPhase section */
		7B05AB90C67E2F0854093AF7 /* [CP] Check Pods Manifest.lock */ = {
			isa = PBXShellScriptBuildPhase;
			buildActionMask = 2147483647;
			files = (
			);
			inputFileListPaths = (
			);
			inputPaths = (
				"${PODS_PODFILE_DIR_PATH}/Podfile.lock",
				"${PODS_ROOT}/Manifest.lock",
			);
			name = "[CP] Check Pods Manifest.lock";
			outputFileListPaths = (
			);
			outputPaths = (
				"$(DERIVED_FILE_DIR)/Pods-LottieAnimationDemo-checkManifestLockResult.txt",
			);
			runOnlyForDeploymentPostprocessing = 0;
			shellPath = /bin/sh;
			shellScript = "diff \"${PODS_PODFILE_DIR_PATH}/Podfile.lock\" \"${PODS_ROOT}/Manifest.lock\" > /dev/null\nif [ $? != 0 ] ; then\n    # print error to STDERR\n    echo \"error: The sandbox is not in sync with the Podfile.lock. Run 'pod install' or update your CocoaPods installation.\" >&2\n    exit 1\nfi\n# This output is used by Xcode 'outputs' to avoid re-running this script phase.\necho \"SUCCESS\" > \"${SCRIPT_OUTPUT_FILE_0}\"\n";
			showEnvVarsInLog = 0;
		};
		C75E904D24BC7373FCC0836A /* [CP] Embed Pods Frameworks */ = {
			isa = PBXShellScriptBuildPhase;
			buildActionMask = 2147483647;
			files = (
			);
			inputFileListPaths = (
				"${PODS_ROOT}/Target Support Files/Pods-LottieAnimationDemo/Pods-LottieAnimationDemo-frameworks-${CONFIGURATION}-input-files.xcfilelist",
			);
			name = "[CP] Embed Pods Frameworks";
			outputFileListPaths = (
				"${PODS_ROOT}/Target Support Files/Pods-LottieAnimationDemo/Pods-LottieAnimationDemo-frameworks-${CONFIGURATION}-output-files.xcfilelist",
			);
			runOnlyForDeploymentPostprocessing = 0;
			shellPath = /bin/sh;
			shellScript = "\"${PODS_ROOT}/Target Support Files/Pods-LottieAnimationDemo/Pods-LottieAnimationDemo-frameworks.sh\"\n";
			showEnvVarsInLog = 0;
		};
/* End PBXShellScriptBuildPhase section */

/* Begin PBXSourcesBuildPhase section */
		364F9B0729DE01DB00999B5D /* Sources */ = {
			isa = PBXSourcesBuildPhase;
			buildActionMask = 2147483647;
			files = (
				364F9B1129DE01DB00999B5D /* ContentView.swift in Sources */,
				364F9B0F29DE01DB00999B5D /* LottieAnimationDemoApp.swift in Sources */,
				364F9B1D29DE026900999B5D /* LottieView.swift in Sources */,
			);
			runOnlyForDeploymentPostprocessing = 0;
		};
/* End PBXSourcesBuildPhase section */

/* Begin XCBuildConfiguration section */
		364F9B1729DE01DC00999B5D /* Debug */ = {
			isa = XCBuildConfiguration;
			buildSettings = {
				ALWAYS_SEARCH_USER_PATHS = NO;
				CLANG_ANALYZER_NONNULL = YES;
				CLANG_ANALYZER_NUMBER_OBJECT_CONVERSION = YES_AGGRESSIVE;
				CLANG_CXX_LANGUAGE_STANDARD = "gnu++20";
				CLANG_ENABLE_MODULES = YES;
				CLANG_ENABLE_OBJC_ARC = YES;
				CLANG_ENABLE_OBJC_WEAK = YES;
				CLANG_WARN_BLOCK_CAPTURE_AUTORELEASING = YES;
				CLANG_WARN_BOOL_CONVERSION = YES;
				CLANG_WARN_COMMA = YES;
				CLANG_WARN_CONSTANT_CONVERSION = YES;
				CLANG_WARN_DEPRECATED_OBJC_IMPLEMENTATIONS = YES;
				CLANG_WARN_DIRECT_OBJC_ISA_USAGE = YES_ERROR;
				CLANG_WARN_DOCUMENTATION_COMMENTS = YES;
				CLANG_WARN_EMPTY_BODY = YES;
				CLANG_WARN_ENUM_CONVERSION = YES;
				CLANG_WARN_INFINITE_RECURSION = YES;
				CLANG_WARN_INT_CONVERSION = YES;
				CLANG_WARN_NON_LITERAL_NULL_CONVERSION = YES;
				CLANG_WARN_OBJC_IMPLICIT_RETAIN_SELF = YES;
				CLANG_WARN_OBJC_LITERAL_CONVERSION = YES;
				CLANG_WARN_OBJC_ROOT_CLASS = YES_ERROR;
				CLANG_WARN_QUOTED_INCLUDE_IN_FRAMEWORK_HEADER = YES;
				CLANG_WARN_RANGE_LOOP_ANALYSIS = YES;
				CLANG_WARN_STRICT_PROTOTYPES = YES;
				CLANG_WARN_SUSPICIOUS_MOVE = YES;
				CLANG_WARN_UNGUARDED_AVAILABILITY = YES_AGGRESSIVE;
				CLANG_WARN_UNREACHABLE_CODE = YES;
				CLANG_WARN__DUPLICATE_METHOD_MATCH = YES;
				COPY_PHASE_STRIP = NO;
				DEBUG_INFORMATION_FORMAT = dwarf;
				ENABLE_STRICT_OBJC_MSGSEND = YES;
				ENABLE_TESTABILITY = YES;
				GCC_C_LANGUAGE_STANDARD = gnu11;
				GCC_DYNAMIC_NO_PIC = NO;
				GCC_NO_COMMON_BLOCKS = YES;
				GCC_OPTIMIZATION_LEVEL = 0;
				GCC_PREPROCESSOR_DEFINITIONS = (
					"DEBUG=1",
					"$(inherited)",
				);
				GCC_WARN_64_TO_32_BIT_CONVERSION = YES;
				GCC_WARN_ABOUT_RETURN_TYPE = YES_ERROR;
				GCC_WARN_UNDECLARED_SELECTOR = YES;
				GCC_WARN_UNINITIALIZED_AUTOS = YES_AGGRESSIVE;
				GCC_WARN_UNUSED_FUNCTION = YES;
				GCC_WARN_UNUSED_VARIABLE = YES;
				IPHONEOS_DEPLOYMENT_TARGET = 16.4;
				MTL_ENABLE_DEBUG_INFO = INCLUDE_SOURCE;
				MTL_FAST_MATH = YES;
				ONLY_ACTIVE_ARCH = YES;
				SDKROOT = iphoneos;
				SWIFT_ACTIVE_COMPILATION_CONDITIONS = DEBUG;
				SWIFT_OPTIMIZATION_LEVEL = "-Onone";
			};
			name = Debug;
		};
		364F9B1829DE01DC00999B5D /* Release */ = {
			isa = XCBuildConfiguration;
			buildSettings = {
				ALWAYS_SEARCH_USER_PATHS = NO;
				CLANG_ANALYZER_NONNULL = YES;
				CLANG_ANALYZER_NUMBER_OBJECT_CONVERSION = YES_AGGRESSIVE;
				CLANG_CXX_LANGUAGE_STANDARD = "gnu++20";
				CLANG_ENABLE_MODULES = YES;
				CLANG_ENABLE_OBJC_ARC = YES;
				CLANG_ENABLE_OBJC_WEAK = YES;
				CLANG_WARN_BLOCK_CAPTURE_AUTORELEASING = YES;
				CLANG_WARN_BOOL_CONVERSION = YES;
				CLANG_WARN_COMMA = YES;
				CLANG_WARN_CONSTANT_CONVERSION = YES;
				CLANG_WARN_DEPRECATED_OBJC_IMPLEMENTATIONS = YES;
				CLANG_WARN_DIRECT_OBJC_ISA_USAGE = YES_ERROR;
				CLANG_WARN_DOCUMENTATION_COMMENTS = YES;
				CLANG_WARN_EMPTY_BODY = YES;
				CLANG_WARN_ENUM_CONVERSION = YES;
				CLANG_WARN_INFINITE_RECURSION = YES;
				CLANG_WARN_INT_CONVERSION = YES;
				CLANG_WARN_NON_LITERAL_NULL_CONVERSION = YES;
				CLANG_WARN_OBJC_IMPLICIT_RETAIN_SELF = YES;
				CLANG_WARN_OBJC_LITERAL_CONVERSION = YES;
				CLANG_WARN_OBJC_ROOT_CLASS = YES_ERROR;
				CLANG_WARN_QUOTED_INCLUDE_IN_FRAMEWORK_HEADER = YES;
				CLANG_WARN_RANGE_LOOP_ANALYSIS = YES;
				CLANG_WARN_STRICT_PROTOTYPES = YES;
				CLANG_WARN_SUSPICIOUS_MOVE = YES;
				CLANG_WARN_UNGUARDED_AVAILABILITY = YES_AGGRESSIVE;
				CLANG_WARN_UNREACHABLE_CODE = YES;
				CLANG_WARN__DUPLICATE_METHOD_MATCH = YES;
				COPY_PHASE_STRIP = NO;
				DEBUG_INFORMATION_FORMAT = "dwarf-with-dsym";
				ENABLE_NS_ASSERTIONS = NO;
				ENABLE_STRICT_OBJC_MSGSEND = YES;
				GCC_C_LANGUAGE_STANDARD = gnu11;
				GCC_NO_COMMON_BLOCKS = YES;
				GCC_WARN_64_TO_32_BIT_CONVERSION = YES;
				GCC_WARN_ABOUT_RETURN_TYPE = YES_ERROR;
				GCC_WARN_UNDECLARED_SELECTOR = YES;
				GCC_WARN_UNINITIALIZED_AUTOS = YES_AGGRESSIVE;
				GCC_WARN_UNUSED_FUNCTION = YES;
				GCC_WARN_UNUSED_VARIABLE = YES;
				IPHONEOS_DEPLOYMENT_TARGET = 16.4;
				MTL_ENABLE_DEBUG_INFO = NO;
				MTL_FAST_MATH = YES;
				SDKROOT = iphoneos;
				SWIFT_COMPILATION_MODE = wholemodule;
				SWIFT_OPTIMIZATION_LEVEL = "-O";
				VALIDATE_PRODUCT = YES;
			};
			name = Release;
		};
		364F9B1A29DE01DC00999B5D /* Debug */ = {
			isa = XCBuildConfiguration;
			baseConfigurationReference = 2FA8C928878BA7D212308D30 /* Pods-LottieAnimationDemo.debug.xcconfig */;
			buildSettings = {
				ASSETCATALOG_COMPILER_APPICON_NAME = AppIcon;
				ASSETCATALOG_COMPILER_GLOBAL_ACCENT_COLOR_NAME = AccentColor;
				CODE_SIGN_STYLE = Automatic;
				CURRENT_PROJECT_VERSION = 1;
				DEVELOPMENT_ASSET_PATHS = "\"LottieAnimationDemo/Preview Content\"";
				DEVELOPMENT_TEAM = 8S2KB4SWK8;
				ENABLE_PREVIEWS = YES;
				GENERATE_INFOPLIST_FILE = YES;
				INFOPLIST_KEY_UIApplicationSceneManifest_Generation = YES;
				INFOPLIST_KEY_UIApplicationSupportsIndirectInputEvents = YES;
				INFOPLIST_KEY_UILaunchScreen_Generation = YES;
				INFOPLIST_KEY_UISupportedInterfaceOrientations_iPad = "UIInterfaceOrientationPortrait UIInterfaceOrientationPortraitUpsideDown UIInterfaceOrientationLandscapeLeft UIInterfaceOrientationLandscapeRight";
				INFOPLIST_KEY_UISupportedInterfaceOrientations_iPhone = "UIInterfaceOrientationPortrait UIInterfaceOrientationLandscapeLeft UIInterfaceOrientationLandscapeRight";
				LD_RUNPATH_SEARCH_PATHS = (
					"$(inherited)",
					"@executable_path/Frameworks",
				);
				MARKETING_VERSION = 1.0;
				PRODUCT_BUNDLE_IDENTIFIER = com.SungJieHung.LottieAnimationDemo;
				PRODUCT_NAME = "$(TARGET_NAME)";
				SWIFT_EMIT_LOC_STRINGS = YES;
				SWIFT_VERSION = 5.0;
				TARGETED_DEVICE_FAMILY = "1,2";
			};
			name = Debug;
		};
		364F9B1B29DE01DC00999B5D /* Release */ = {
			isa = XCBuildConfiguration;
			baseConfigurationReference = 096D56A4FE947DC510C78ACB /* Pods-LottieAnimationDemo.release.xcconfig */;
			buildSettings = {
				ASSETCATALOG_COMPILER_APPICON_NAME = AppIcon;
				ASSETCATALOG_COMPILER_GLOBAL_ACCENT_COLOR_NAME = AccentColor;
				CODE_SIGN_STYLE = Automatic;
				CURRENT_PROJECT_VERSION = 1;
				DEVELOPMENT_ASSET_PATHS = "\"LottieAnimationDemo/Preview Content\"";
				DEVELOPMENT_TEAM = 8S2KB4SWK8;
				ENABLE_PREVIEWS = YES;
				GENERATE_INFOPLIST_FILE = YES;
				INFOPLIST_KEY_UIApplicationSceneManifest_Generation = YES;
				INFOPLIST_KEY_UIApplicationSupportsIndirectInputEvents = YES;
				INFOPLIST_KEY_UILaunchScreen_Generation = YES;
				INFOPLIST_KEY_UISupportedInterfaceOrientations_iPad = "UIInterfaceOrientationPortrait UIInterfaceOrientationPortraitUpsideDown UIInterfaceOrientationLandscapeLeft UIInterfaceOrientationLandscapeRight";
				INFOPLIST_KEY_UISupportedInterfaceOrientations_iPhone = "UIInterfaceOrientationPortrait UIInterfaceOrientationLandscapeLeft UIInterfaceOrientationLandscapeRight";
				LD_RUNPATH_SEARCH_PATHS = (
					"$(inherited)",
					"@executable_path/Frameworks",
				);
				MARKETING_VERSION = 1.0;
				PRODUCT_BUNDLE_IDENTIFIER = com.SungJieHung.LottieAnimationDemo;
				PRODUCT_NAME = "$(TARGET_NAME)";
				SWIFT_EMIT_LOC_STRINGS = YES;
				SWIFT_VERSION = 5.0;
				TARGETED_DEVICE_FAMILY = "1,2";
			};
			name = Release;
		};
/* End XCBuildConfiguration section */

/* Begin XCConfigurationList section */
		364F9B0629DE01DB00999B5D /* Build configuration list for PBXProject "LottieAnimationDemo" */ = {
			isa = XCConfigurationList;
			buildConfigurations = (
				364F9B1729DE01DC00999B5D /* Debug */,
				364F9B1829DE01DC00999B5D /* Release */,
			);
			defaultConfigurationIsVisible = 0;
			defaultConfigurationName = Release;
		};
		364F9B1929DE01DC00999B5D /* Build configuration list for PBXNativeTarget "LottieAnimationDemo" */ = {
			isa = XCConfigurationList;
			buildConfigurations = (
				364F9B1A29DE01DC00999B5D /* Debug */,
				364F9B1B29DE01DC00999B5D /* Release */,
			);
			defaultConfigurationIsVisible = 0;
			defaultConfigurationName = Release;
		};
/* End XCConfigurationList section */
	};
	rootObject = 364F9B0329DE01DB00999B5D /* Project object */;
}
